
Microsoft Visual Studio Solution File, Format Version 12.00
# Visual Studio Version 16
VisualStudioVersion = 16.0.29318.209
MinimumVisualStudioVersion = 10.0.40219.1
Project("{9A19103F-16F7-4668-BE54-9A1E7A4F7556}") = "CodeChallenge", "src\CodeChallenge.csproj", "{4CA46495-A30A-4A2C-A86E-5D38906DBCC7}"
EndProject
Project("{2150E333-8FDC-42A3-9474-1A3956D46DE8}") = "src", "src", "{CB9710F5-8AA0-4D05-A450-BE92B2A73BFE}"
EndProject
Project("{2150E333-8FDC-42A3-9474-1A3956D46DE8}") = "tests", "tests", "{8A9966AC-6234-4A17-A7A7-83DC602C60EC}"
EndProject
Global
	GlobalSection(SolutionConfigurationPlatforms) = preSolution
		Debug|Any CPU = Debug|Any CPU
		Release|Any CPU = Release|Any CPU
	EndGlobalSection
	GlobalSection(ProjectConfigurationPlatforms) = postSolution
		{4CA46495-A30A-4A2C-A86E-5D38906DBCC7}.Debug|Any CPU.ActiveCfg = Debug|Any CPU
		{4CA46495-A30A-4A2C-A86E-5D38906DBCC7}.Debug|Any CPU.Build.0 = Debug|Any CPU
		{4CA46495-A30A-4A2C-A86E-5D38906DBCC7}.Release|Any CPU.ActiveCfg = Release|Any CPU
		{4CA46495-A30A-4A2C-A86E-5D38906DBCC7}.Release|Any CPU.Build.0 = Release|Any CPU
	EndGlobalSection
	GlobalSection(SolutionProperties) = preSolution
		HideSolutionNode = FALSE
	EndGlobalSection
	GlobalSection(NestedProjects) = preSolution
		{4CA46495-A30A-4A2C-A86E-5D38906DBCC7} = {CB9710F5-8AA0-4D05-A450-BE92B2A73BFE}
	EndGlobalSection
	GlobalSection(ExtensibilityGlobals) = postSolution
		SolutionGuid = {BD6DC996-FA67-49D3-B8A9-D9016CE804CF}
	EndGlobalSection
EndGlobal
